
Microsoft Visual Studio Solution File, Format Version 12.00
# Visual Studio Version 17
VisualStudioVersion = 17.14.36908.2
MinimumVisualStudioVersion = 10.0.40219.1
Project("{8BC9CEB8-8B4A-11D0-8D11-00A0C91BC942}") = "C", "C.vcxproj", "{5A296647-1EDB-43C0-99D2-5F4345D39A70}"
EndProject
Project("{8BC9CEB8-8B4A-11D0-8D11-00A0C91BC942}") = "C Practice", "..\C Practice\C Practice.vcxproj", "{1E6E91DC-D829-42BF-9025-A21238FF8901}"
EndProject
Global
	GlobalSection(SolutionConfigurationPlatforms) = preSolution
		Debug|x64 = Debug|x64
		Debug|x86 = Debug|x86
		Release|x64 = Release|x64
		Release|x86 = Release|x86
	EndGlobalSection
	GlobalSection(ProjectConfigurationPlatforms) = postSolution
		{5A296647-1EDB-43C0-99D2-5F4345D39A70}.Debug|x64.ActiveCfg = Debug|x64
		{5A296647-1EDB-43C0-99D2-5F4345D39A70}.Debug|x64.Build.0 = Debug|x64
		{5A296647-1EDB-43C0-99D2-5F4345D39A70}.Debug|x86.ActiveCfg = Debug|Win32
		{5A296647-1EDB-43C0-99D2-5F4345D39A70}.Debug|x86.Build.0 = Debug|Win32
		{5A296647-1EDB-43C0-99D2-5F4345D39A70}.Release|x64.ActiveCfg = Release|x64
		{5A296647-1EDB-43C0-99D2-5F4345D39A70}.Release|x64.Build.0 = Release|x64
		{5A296647-1EDB-43C0-99D2-5F4345D39A70}.Release|x86.ActiveCfg = Release|Win32
		{5A296647-1EDB-43C0-99D2-5F4345D39A70}.Release|x86.Build.0 = Release|Win32
		{1E6E91DC-D829-42BF-9025-A21238FF8901}.Debug|x64.ActiveCfg = Debug|x64
		{1E6E91DC-D829-42BF-9025-A21238FF8901}.Debug|x64.Build.0 = Debug|x64
		{1E6E91DC-D829-42BF-9025-A21238FF8901}.Debug|x86.ActiveCfg = Debug|Win32
		{1E6E91DC-D829-42BF-9025-A21238FF8901}.Debug|x86.Build.0 = Debug|Win32
		{1E6E91DC-D829-42BF-9025-A21238FF8901}.Release|x64.ActiveCfg = Release|x64
		{1E6E91DC-D829-42BF-9025-A21238FF8901}.Release|x64.Build.0 = Release|x64
		{1E6E91DC-D829-42BF-9025-A21238FF8901}.Release|x86.ActiveCfg = Release|Win32
		{1E6E91DC-D829-42BF-9025-A21238FF8901}.Release|x86.Build.0 = Release|Win32
	EndGlobalSection
	GlobalSection(SolutionProperties) = preSolution
		HideSolutionNode = FALSE
	EndGlobalSection
	GlobalSection(ExtensibilityGlobals) = postSolution
		SolutionGuid = {DC0CD3D6-7366-4245-8556-B5D46F13B0CE}
	EndGlobalSection
EndGlobal
